
Microsoft Visual Studio Solution File, Format Version 12.00
# Visual Studio 15
VisualStudioVersion = 15.0.27130.2003
MinimumVisualStudioVersion = 10.0.40219.1
Project("{9A19103F-16F7-4668-BE54-9A1E7A4F7556}") = "mdryden.JsonApi", "src\mdryden.JsonApi\mdryden.JsonApi.csproj", "{C7F3B8B9-3E8E-4BBF-8660-3611F2A1E6C9}"
EndProject
Project("{FAE04EC0-301F-11D3-BF4B-00C04F79EFBC}") = "mdryden.JsonApi.xUnit", "src\mdryden.JsonApi.xUnit\mdryden.JsonApi.xUnit.csproj", "{19C9D424-0412-4199-8FC1-E3745C0A9EBA}"
EndProject
Global
	GlobalSection(SolutionConfigurationPlatforms) = preSolution
		Debug|Any CPU = Debug|Any CPU
		Release|Any CPU = Release|Any CPU
	EndGlobalSection
	GlobalSection(ProjectConfigurationPlatforms) = postSolution
		{C7F3B8B9-3E8E-4BBF-8660-3611F2A1E6C9}.Debug|Any CPU.ActiveCfg = Debug|Any CPU
		{C7F3B8B9-3E8E-4BBF-8660-3611F2A1E6C9}.Debug|Any CPU.Build.0 = Debug|Any CPU
		{C7F3B8B9-3E8E-4BBF-8660-3611F2A1E6C9}.Release|Any CPU.ActiveCfg = Release|Any CPU
		{C7F3B8B9-3E8E-4BBF-8660-3611F2A1E6C9}.Release|Any CPU.Build.0 = Release|Any CPU
		{19C9D424-0412-4199-8FC1-E3745C0A9EBA}.Debug|Any CPU.ActiveCfg = Debug|Any CPU
		{19C9D424-0412-4199-8FC1-E3745C0A9EBA}.Debug|Any CPU.Build.0 = Debug|Any CPU
		{19C9D424-0412-4199-8FC1-E3745C0A9EBA}.Release|Any CPU.ActiveCfg = Release|Any CPU
		{19C9D424-0412-4199-8FC1-E3745C0A9EBA}.Release|Any CPU.Build.0 = Release|Any CPU
	EndGlobalSection
	GlobalSection(SolutionProperties) = preSolution
		HideSolutionNode = FALSE
	EndGlobalSection
	GlobalSection(ExtensibilityGlobals) = postSolution
		SolutionGuid = {EFC846FE-2ACD-45A2-B0AE-17FBBD68F92B}
	EndGlobalSection
EndGlobal
